
Microsoft Visual Studio Solution File, Format Version 12.00
# Visual Studio 15
Project("{FAE04EC0-301F-11D3-BF4B-00C04F79EFBC}") = "Assembly-CSharp", "Assembly-CSharp.csproj", "{165666F9-17D1-BF7C-1A4C-971216F4840D}"
EndProject
Project("{FAE04EC0-301F-11D3-BF4B-00C04F79EFBC}") = "Assembly-CSharp-firstpass", "Assembly-CSharp-firstpass.csproj", "{D56AA026-CB09-B18F-8C0D-BCA18C1D99FA}"
EndProject
Project("{FAE04EC0-301F-11D3-BF4B-00C04F79EFBC}") = "Assembly-CSharp-Editor", "Assembly-CSharp-Editor.csproj", "{C90A2EA1-77E1-6BF9-2ECB-65A2C75F3285}"
EndProject
Global
	GlobalSection(SolutionConfigurationPlatforms) = preSolution
		Debug|Any CPU = Debug|Any CPU
		Release|Any CPU = Release|Any CPU
	EndGlobalSection
	GlobalSection(ProjectConfigurationPlatforms) = postSolution
		{165666F9-17D1-BF7C-1A4C-971216F4840D}.Debug|Any CPU.ActiveCfg = Debug|Any CPU
		{165666F9-17D1-BF7C-1A4C-971216F4840D}.Debug|Any CPU.Build.0 = Debug|Any CPU
		{165666F9-17D1-BF7C-1A4C-971216F4840D}.Release|Any CPU.ActiveCfg = Release|Any CPU
		{165666F9-17D1-BF7C-1A4C-971216F4840D}.Release|Any CPU.Build.0 = Release|Any CPU
		{D56AA026-CB09-B18F-8C0D-BCA18C1D99FA}.Debug|Any CPU.ActiveCfg = Debug|Any CPU
		{D56AA026-CB09-B18F-8C0D-BCA18C1D99FA}.Debug|Any CPU.Build.0 = Debug|Any CPU
		{D56AA026-CB09-B18F-8C0D-BCA18C1D99FA}.Release|Any CPU.ActiveCfg = Release|Any CPU
		{D56AA026-CB09-B18F-8C0D-BCA18C1D99FA}.Release|Any CPU.Build.0 = Release|Any CPU
		{C90A2EA1-77E1-6BF9-2ECB-65A2C75F3285}.Debug|Any CPU.ActiveCfg = Debug|Any CPU
		{C90A2EA1-77E1-6BF9-2ECB-65A2C75F3285}.Debug|Any CPU.Build.0 = Debug|Any CPU
		{C90A2EA1-77E1-6BF9-2ECB-65A2C75F3285}.Release|Any CPU.ActiveCfg = Release|Any CPU
		{C90A2EA1-77E1-6BF9-2ECB-65A2C75F3285}.Release|Any CPU.Build.0 = Release|Any CPU
	EndGlobalSection
	GlobalSection(SolutionProperties) = preSolution
		HideSolutionNode = FALSE
	EndGlobalSection
EndGlobal
